
Microsoft Visual Studio Solution File, Format Version 12.00
# Visual Studio Version 17
VisualStudioVersion = 17.4.33103.184
MinimumVisualStudioVersion = 10.0.40219.1
Project("{9A19103F-16F7-4668-BE54-9A1E7A4F7556}") = "HrSystem", "HrSystem\HrSystem.csproj", "{62F858C1-7AD8-401E-9F6D-C183ACBA0B1F}"
EndProject
Project("{9A19103F-16F7-4668-BE54-9A1E7A4F7556}") = "HrSystem.Common", "HrSystem.Common\HrSystem.Common.csproj", "{5722768C-4F56-4E56-BDD0-5E9B63685A9E}"
EndProject
Project("{FAE04EC0-301F-11D3-BF4B-00C04F79EFBC}") = "HrSystem.DataAccess", "HrSystem.DataAccess\HrSystem.DataAccess.csproj", "{F02D4E96-38A5-4F16-AF09-BCABA44FD60A}"
EndProject
Project("{FAE04EC0-301F-11D3-BF4B-00C04F79EFBC}") = "HrSystem.Models", "HrSystem.Models\HrSystem.Models.csproj", "{C45DBF96-8DEB-4F41-9717-94C140B57717}"
EndProject
Global
	GlobalSection(SolutionConfigurationPlatforms) = preSolution
		Debug|Any CPU = Debug|Any CPU
		Release|Any CPU = Release|Any CPU
	EndGlobalSection
	GlobalSection(ProjectConfigurationPlatforms) = postSolution
		{62F858C1-7AD8-401E-9F6D-C183ACBA0B1F}.Debug|Any CPU.ActiveCfg = Debug|Any CPU
		{62F858C1-7AD8-401E-9F6D-C183ACBA0B1F}.Debug|Any CPU.Build.0 = Debug|Any CPU
		{62F858C1-7AD8-401E-9F6D-C183ACBA0B1F}.Release|Any CPU.ActiveCfg = Release|Any CPU
		{62F858C1-7AD8-401E-9F6D-C183ACBA0B1F}.Release|Any CPU.Build.0 = Release|Any CPU
		{5722768C-4F56-4E56-BDD0-5E9B63685A9E}.Debug|Any CPU.ActiveCfg = Debug|Any CPU
		{5722768C-4F56-4E56-BDD0-5E9B63685A9E}.Debug|Any CPU.Build.0 = Debug|Any CPU
		{5722768C-4F56-4E56-BDD0-5E9B63685A9E}.Release|Any CPU.ActiveCfg = Release|Any CPU
		{5722768C-4F56-4E56-BDD0-5E9B63685A9E}.Release|Any CPU.Build.0 = Release|Any CPU
		{F02D4E96-38A5-4F16-AF09-BCABA44FD60A}.Debug|Any CPU.ActiveCfg = Debug|Any CPU
		{F02D4E96-38A5-4F16-AF09-BCABA44FD60A}.Debug|Any CPU.Build.0 = Debug|Any CPU
		{F02D4E96-38A5-4F16-AF09-BCABA44FD60A}.Release|Any CPU.ActiveCfg = Release|Any CPU
		{F02D4E96-38A5-4F16-AF09-BCABA44FD60A}.Release|Any CPU.Build.0 = Release|Any CPU
		{C45DBF96-8DEB-4F41-9717-94C140B57717}.Debug|Any CPU.ActiveCfg = Debug|Any CPU
		{C45DBF96-8DEB-4F41-9717-94C140B57717}.Debug|Any CPU.Build.0 = Debug|Any CPU
		{C45DBF96-8DEB-4F41-9717-94C140B57717}.Release|Any CPU.ActiveCfg = Release|Any CPU
		{C45DBF96-8DEB-4F41-9717-94C140B57717}.Release|Any CPU.Build.0 = Release|Any CPU
	EndGlobalSection
	GlobalSection(SolutionProperties) = preSolution
		HideSolutionNode = FALSE
	EndGlobalSection
	GlobalSection(ExtensibilityGlobals) = postSolution
		SolutionGuid = {B3FF0C31-5F75-44FF-9DE6-760F0E1AC623}
	EndGlobalSection
EndGlobal
